// !$*UTF8*$!
{
	archiveVersion = 1;
	classes = {
	};
	objectVersion = 46;
	objects = {

/* Begin PBXBuildFile section */
		94AD85BC1A35973100AC772D /* AppDelegate.swift in Sources */ = {isa = PBXBuildFile; fileRef = 94AD85BB1A35973100AC772D /* AppDelegate.swift */; };
		94AD85BE1A35973100AC772D /* ViewController.swift in Sources */ = {isa = PBXBuildFile; fileRef = 94AD85BD1A35973100AC772D /* ViewController.swift */; };
		94AD85C11A35973100AC772D /* Main.storyboard in Resources */ = {isa = PBXBuildFile; fileRef = 94AD85BF1A35973100AC772D /* Main.storyboard */; };
		94AD85C31A35973100AC772D /* Images.xcassets in Resources */ = {isa = PBXBuildFile; fileRef = 94AD85C21A35973100AC772D /* Images.xcassets */; };
		94AD85C61A35973100AC772D /* LaunchScreen.xib in Resources */ = {isa = PBXBuildFile; fileRef = 94AD85C41A35973100AC772D /* LaunchScreen.xib */; };
		94AD85D21A35973100AC772D /* SeemuIAPTuteTests.swift in Sources */ = {isa = PBXBuildFile; fileRef = 94AD85D11A35973100AC772D /* SeemuIAPTuteTests.swift */; };
/* End PBXBuildFile section */

/* Begin PBXContainerItemProxy section */
		94AD85CC1A35973100AC772D /* PBXContainerItemProxy */ = {
			isa = PBXContainerItemProxy;
			containerPortal = 94AD85AE1A35973100AC772D /* Project object */;
			proxyType = 1;
			remoteGlobalIDString = 94AD85B51A35973100AC772D;
			remoteInfo = SeemuIAPTute;
		};
/* End PBXContainerItemProxy section */

/* Begin PBXFileReference section */
		94AD85B61A35973100AC772D /* SeemuIAPTute.app */ = {isa = PBXFileReference; explicitFileType = wrapper.application; includeInIndex = 0; path = SeemuIAPTute.app; sourceTree = BUILT_PRODUCTS_DIR; };
		94AD85BA1A35973100AC772D /* Info.plist */ = {isa = PBXFileReference; lastKnownFileType = text.plist.xml; path = Info.plist; sourceTree = "<group>"; };
		94AD85BB1A35973100AC772D /* AppDelegate.swift */ = {isa = PBXFileReference; lastKnownFileType = sourcecode.swift; path = AppDelegate.swift; sourceTree = "<group>"; };
		94AD85BD1A35973100AC772D /* ViewController.swift */ = {isa = PBXFileReference; lastKnownFileType = sourcecode.swift; path = ViewController.swift; sourceTree = "<group>"; };
		94AD85C01A35973100AC772D /* Base */ = {isa = PBXFileReference; lastKnownFileType = file.storyboard; name = Base; path = Base.lproj/Main.storyboard; sourceTree = "<group>"; };
		94AD85C21A35973100AC772D /* Images.xcassets */ = {isa = PBXFileReference; lastKnownFileType = folder.assetcatalog; path = Images.xcassets; sourceTree = "<group>"; };
		94AD85C51A35973100AC772D /* Base */ = {isa = PBXFileReference; lastKnownFileType = file.xib; name = Base; path = Base.lproj/LaunchScreen.xib; sourceTree = "<group>"; };
		94AD85CB1A35973100AC772D /* SeemuIAPTuteTests.xctest */ = {isa = PBXFileReference; explicitFileType = wrapper.cfbundle; includeInIndex = 0; path = SeemuIAPTuteTests.xctest; sourceTree = BUILT_PRODUCTS_DIR; };
		94AD85D01A35973100AC772D /* Info.plist */ = {isa = PBXFileReference; lastKnownFileType = text.plist.xml; path = Info.plist; sourceTree = "<group>"; };
		94AD85D11A35973100AC772D /* SeemuIAPTuteTests.swift */ = {isa = PBXFileReference; lastKnownFileType = sourcecode.swift; path = SeemuIAPTuteTests.swift; sourceTree = "<group>"; };
/* End PBXFileReference section */

/* Begin PBXFrameworksBuildPhase section */
		94AD85B31A35973100AC772D /* Frameworks */ = {
			isa = PBXFrameworksBuildPhase;
			buildActionMask = 2147483647;
			files = (
			);
			runOnlyForDeploymentPostprocessing = 0;
		};
		94AD85C81A35973100AC772D /* Frameworks */ = {
			isa = PBXFrameworksBuildPhase;
			buildActionMask = 2147483647;
			files = (
			);
			runOnlyForDeploymentPostprocessing = 0;
		};
/* End PBXFrameworksBuildPhase section */

/* Begin PBXGroup section */
		94AD85AD1A35973100AC772D = {
			isa = PBXGroup;
			children = (
				94AD85B81A35973100AC772D /* SeemuIAPTute */,
				94AD85CE1A35973100AC772D /* SeemuIAPTuteTests */,
				94AD85B71A35973100AC772D /* Products */,
			);
			sourceTree = "<group>";
		};
		94AD85B71A35973100AC772D /* Products */ = {
			isa = PBXGroup;
			children = (
				94AD85B61A35973100AC772D /* SeemuIAPTute.app */,
				94AD85CB1A35973100AC772D /* SeemuIAPTuteTests.xctest */,
			);
			name = Products;
			sourceTree = "<group>";
		};
		94AD85B81A35973100AC772D /* SeemuIAPTute */ = {
			isa = PBXGroup;
			children = (
				94AD85BB1A35973100AC772D /* AppDelegate.swift */,
				94AD85BD1A35973100AC772D /* ViewController.swift */,
				94AD85BF1A35973100AC772D /* Main.storyboard */,
				94AD85C21A35973100AC772D /* Images.xcassets */,
				94AD85C41A35973100AC772D /* LaunchScreen.xib */,
				94AD85B91A35973100AC772D /* Supporting Files */,
			);
			path = SeemuIAPTute;
			sourceTree = "<group>";
		};
		94AD85B91A35973100AC772D /* Supporting Files */ = {
			isa = PBXGroup;
			children = (
				94AD85BA1A35973100AC772D /* Info.plist */,
			);
			name = "Supporting Files";
			sourceTree = "<group>";
		};
		94AD85CE1A35973100AC772D /* SeemuIAPTuteTests */ = {
			isa = PBXGroup;
			children = (
				94AD85D11A35973100AC772D /* SeemuIAPTuteTests.swift */,
				94AD85CF1A35973100AC772D /* Supporting Files */,
			);
			path = SeemuIAPTuteTests;
			sourceTree = "<group>";
		};
		94AD85CF1A35973100AC772D /* Supporting Files */ = {
			isa = PBXGroup;
			children = (
				94AD85D01A35973100AC772D /* Info.plist */,
			);
			name = "Supporting Files";
			sourceTree = "<group>";
		};
/* End PBXGroup section */

/* Begin PBXNativeTarget section */
		94AD85B51A35973100AC772D /* SeemuIAPTute */ = {
			isa = PBXNativeTarget;
			buildConfigurationList = 94AD85D51A35973100AC772D /* Build configuration list for PBXNativeTarget "SeemuIAPTute" */;
			buildPhases = (
				94AD85B21A35973100AC772D /* Sources */,
				94AD85B31A35973100AC772D /* Frameworks */,
				94AD85B41A35973100AC772D /* Resources */,
			);
			buildRules = (
			);
			dependencies = (
			);
			name = SeemuIAPTute;
			productName = SeemuIAPTute;
			productReference = 94AD85B61A35973100AC772D /* SeemuIAPTute.app */;
			productType = "com.apple.product-type.application";
		};
		94AD85CA1A35973100AC772D /* SeemuIAPTuteTests */ = {
			isa = PBXNativeTarget;
			buildConfigurationList = 94AD85D81A35973100AC772D /* Build configuration list for PBXNativeTarget "SeemuIAPTuteTests" */;
			buildPhases = (
				94AD85C71A35973100AC772D /* Sources */,
				94AD85C81A35973100AC772D /* Frameworks */,
				94AD85C91A35973100AC772D /* Resources */,
			);
			buildRules = (
			);
			dependencies = (
				94AD85CD1A35973100AC772D /* PBXTargetDependency */,
			);
			name = SeemuIAPTuteTests;
			productName = SeemuIAPTuteTests;
			productReference = 94AD85CB1A35973100AC772D /* SeemuIAPTuteTests.xctest */;
			productType = "com.apple.product-type.bundle.unit-test";
		};
/* End PBXNativeTarget section */

/* Begin PBXProject section */
		94AD85AE1A35973100AC772D /* Project object */ = {
			isa = PBXProject;
			attributes = {
				LastUpgradeCheck = 0600;
				ORGANIZATIONNAME = Seemu;
				TargetAttributes = {
					94AD85B51A35973100AC772D = {
						CreatedOnToolsVersion = 6.0;
					};
					94AD85CA1A35973100AC772D = {
						CreatedOnToolsVersion = 6.0;
						TestTargetID = 94AD85B51A35973100AC772D;
					};
				};
			};
			buildConfigurationList = 94AD85B11A35973100AC772D /* Build configuration list for PBXProject "SeemuIAPTute" */;
			compatibilityVersion = "Xcode 3.2";
			developmentRegion = English;
			hasScannedForEncodings = 0;
			knownRegions = (
				en,
				Base,
			);
			mainGroup = 94AD85AD1A35973100AC772D;
			productRefGroup = 94AD85B71A35973100AC772D /* Products */;
			projectDirPath = "";
			projectRoot = "";
			targets = (
				94AD85B51A35973100AC772D /* SeemuIAPTute */,
				94AD85CA1A35973100AC772D /* SeemuIAPTuteTests */,
			);
		};
/* End PBXProject section */

/* Begin PBXResourcesBuildPhase section */
		94AD85B41A35973100AC772D /* Resources */ = {
			isa = PBXResourcesBuildPhase;
			buildActionMask = 2147483647;
			files = (
				94AD85C11A35973100AC772D /* Main.storyboard in Resources */,
				94AD85C61A35973100AC772D /* LaunchScreen.xib in Resources */,
				94AD85C31A35973100AC772D /* Images.xcassets in Resources */,
			);
			runOnlyForDeploymentPostprocessing = 0;
		};
		94AD85C91A35973100AC772D /* Resources */ = {
			isa = PBXResourcesBuildPhase;
			buildActionMask = 2147483647;
			files = (
			);
			runOnlyForDeploymentPostprocessing = 0;
		};
/* End PBXResourcesBuildPhase section */

/* Begin PBXSourcesBuildPhase section */
		94AD85B21A35973100AC772D /* Sources */ = {
			isa = PBXSourcesBuildPhase;
			buildActionMask = 2147483647;
			files = (
				94AD85BE1A35973100AC772D /* ViewController.swift in Sources */,
				94AD85BC1A35973100AC772D /* AppDelegate.swift in Sources */,
			);
			runOnlyForDeploymentPostprocessing = 0;
		};
		94AD85C71A35973100AC772D /* Sources */ = {
			isa = PBXSourcesBuildPhase;
			buildActionMask = 2147483647;
			files = (
				94AD85D21A35973100AC772D /* SeemuIAPTuteTests.swift in Sources */,
			);
			runOnlyForDeploymentPostprocessing = 0;
		};
/* End PBXSourcesBuildPhase section */

/* Begin PBXTargetDependency section */
		94AD85CD1A35973100AC772D /* PBXTargetDependency */ = {
			isa = PBXTargetDependency;
			target = 94AD85B51A35973100AC772D /* SeemuIAPTute */;
			targetProxy = 94AD85CC1A35973100AC772D /* PBXContainerItemProxy */;
		};
/* End PBXTargetDependency section */

/* Begin PBXVariantGroup section */
		94AD85BF1A35973100AC772D /* Main.storyboard */ = {
			isa = PBXVariantGroup;
			children = (
				94AD85C01A35973100AC772D /* Base */,
			);
			name = Main.storyboard;
			sourceTree = "<group>";
		};
		94AD85C41A35973100AC772D /* LaunchScreen.xib */ = {
			isa = PBXVariantGroup;
			children = (
				94AD85C51A35973100AC772D /* Base */,
			);
			name = LaunchScreen.xib;
			sourceTree = "<group>";
		};
/* End PBXVariantGroup section */

/* Begin XCBuildConfiguration section */
		94AD85D31A35973100AC772D /* Debug */ = {
			isa = XCBuildConfiguration;
			buildSettings = {
				ALWAYS_SEARCH_USER_PATHS = NO;
				CLANG_CXX_LANGUAGE_STANDARD = "gnu++0x";
				CLANG_CXX_LIBRARY = "libc++";
				CLANG_ENABLE_MODULES = YES;
				CLANG_ENABLE_OBJC_ARC = YES;
				CLANG_WARN_BOOL_CONVERSION = YES;
				CLANG_WARN_CONSTANT_CONVERSION = YES;
				CLANG_WARN_DIRECT_OBJC_ISA_USAGE = YES_ERROR;
				CLANG_WARN_EMPTY_BODY = YES;
				CLANG_WARN_ENUM_CONVERSION = YES;
				CLANG_WARN_INT_CONVERSION = YES;
				CLANG_WARN_OBJC_ROOT_CLASS = YES_ERROR;
				CLANG_WARN_UNREACHABLE_CODE = YES;
				CLANG_WARN__DUPLICATE_METHOD_MATCH = YES;
				"CODE_SIGN_IDENTITY[sdk=iphoneos*]" = "iPhone Developer";
				COPY_PHASE_STRIP = NO;
				ENABLE_STRICT_OBJC_MSGSEND = YES;
				GCC_C_LANGUAGE_STANDARD = gnu99;
				GCC_DYNAMIC_NO_PIC = NO;
				GCC_OPTIMIZATION_LEVEL = 0;
				GCC_PREPROCESSOR_DEFINITIONS = (
					"DEBUG=1",
					"$(inherited)",
				);
				GCC_SYMBOLS_PRIVATE_EXTERN = NO;
				GCC_WARN_64_TO_32_BIT_CONVERSION = YES;
				GCC_WARN_ABOUT_RETURN_TYPE = YES_ERROR;
				GCC_WARN_UNDECLARED_SELECTOR = YES;
				GCC_WARN_UNINITIALIZED_AUTOS = YES_AGGRESSIVE;
				GCC_WARN_UNUSED_FUNCTION = YES;
				GCC_WARN_UNUSED_VARIABLE = YES;
				IPHONEOS_DEPLOYMENT_TARGET = 8.0;
				MTL_ENABLE_DEBUG_INFO = YES;
				ONLY_ACTIVE_ARCH = YES;
				SDKROOT = iphoneos;
				SWIFT_OPTIMIZATION_LEVEL = "-Onone";
			};
			name = Debug;
		};
		94AD85D41A35973100AC772D /* Release */ = {
			isa = XCBuildConfiguration;
			buildSettings = {
				ALWAYS_SEARCH_USER_PATHS = NO;
				CLANG_CXX_LANGUAGE_STANDARD = "gnu++0x";
				CLANG_CXX_LIBRARY = "libc++";
				CLANG_ENABLE_MODULES = YES;
				CLANG_ENABLE_OBJC_ARC = YES;
				CLANG_WARN_BOOL_CONVERSION = YES;
				CLANG_WARN_CONSTANT_CONVERSION = YES;
				CLANG_WARN_DIRECT_OBJC_ISA_USAGE = YES_ERROR;
				CLANG_WARN_EMPTY_BODY = YES;
				CLANG_WARN_ENUM_CONVERSION = YES;
				CLANG_WARN_INT_CONVERSION = YES;
				CLANG_WARN_OBJC_ROOT_CLASS = YES_ERROR;
				CLANG_WARN_UNREACHABLE_CODE = YES;
				CLANG_WARN__DUPLICATE_METHOD_MATCH = YES;
				"CODE_SIGN_IDENTITY[sdk=iphoneos*]" = "iPhone Developer";
				COPY_PHASE_STRIP = YES;
				ENABLE_NS_ASSERTIONS = NO;
				ENABLE_STRICT_OBJC_MSGSEND = YES;
				GCC_C_LANGUAGE_STANDARD = gnu99;
				GCC_WARN_64_TO_32_BIT_CONVERSION = YES;
				GCC_WARN_ABOUT_RETURN_TYPE = YES_ERROR;
				GCC_WARN_UNDECLARED_SELECTOR = YES;
				GCC_WARN_UNINITIALIZED_AUTOS = YES_AGGRESSIVE;
				GCC_WARN_UNUSED_FUNCTION = YES;
				GCC_WARN_UNUSED_VARIABLE = YES;
				IPHONEOS_DEPLOYMENT_TARGET = 8.0;
				MTL_ENABLE_DEBUG_INFO = NO;
				SDKROOT = iphoneos;
				VALIDATE_PRODUCT = YES;
			};
			name = Release;
		};
		94AD85D61A35973100AC772D /* Debug */ = {
			isa = XCBuildConfiguration;
			buildSettings = {
				ASSETCATALOG_COMPILER_APPICON_NAME = AppIcon;
				INFOPLIST_FILE = SeemuIAPTute/Info.plist;
				LD_RUNPATH_SEARCH_PATHS = "$(inherited) @executable_path/Frameworks";
				PRODUCT_NAME = "$(TARGET_NAME)";
			};
			name = Debug;
		};
		94AD85D71A35973100AC772D /* Release */ = {
			isa = XCBuildConfiguration;
			buildSettings = {
				ASSETCATALOG_COMPILER_APPICON_NAME = AppIcon;
				INFOPLIST_FILE = SeemuIAPTute/Info.plist;
				LD_RUNPATH_SEARCH_PATHS = "$(inherited) @executable_path/Frameworks";
				PRODUCT_NAME = "$(TARGET_NAME)";
			};
			name = Release;
		};
		94AD85D91A35973100AC772D /* Debug */ = {
			isa = XCBuildConfiguration;
			buildSettings = {
				BUNDLE_LOADER = "$(TEST_HOST)";
				FRAMEWORK_SEARCH_PATHS = (
					"$(SDKROOT)/Developer/Library/Frameworks",
					"$(inherited)",
				);
				GCC_PREPROCESSOR_DEFINITIONS = (
					"DEBUG=1",
					"$(inherited)",
				);
				INFOPLIST_FILE = SeemuIAPTuteTests/Info.plist;
				LD_RUNPATH_SEARCH_PATHS = "$(inherited) @executable_path/Frameworks @loader_path/Frameworks";
				PRODUCT_NAME = "$(TARGET_NAME)";
				TEST_HOST = "$(BUILT_PRODUCTS_DIR)/SeemuIAPTute.app/SeemuIAPTute";
			};
			name = Debug;
		};
		94AD85DA1A35973100AC772D /* Release */ = {
			isa = XCBuildConfiguration;
			buildSettings = {
				BUNDLE_LOADER = "$(TEST_HOST)";
				FRAMEWORK_SEARCH_PATHS = (
					"$(SDKROOT)/Developer/Library/Frameworks",
					"$(inherited)",
				);
				INFOPLIST_FILE = SeemuIAPTuteTests/Info.plist;
				LD_RUNPATH_SEARCH_PATHS = "$(inherited) @executable_path/Frameworks @loader_path/Frameworks";
				PRODUCT_NAME = "$(TARGET_NAME)";
				TEST_HOST = "$(BUILT_PRODUCTS_DIR)/SeemuIAPTute.app/SeemuIAPTute";
			};
			name = Release;
		};
/* End XCBuildConfiguration section */

/* Begin XCConfigurationList section */
		94AD85B11A35973100AC772D /* Build configuration list for PBXProject "SeemuIAPTute" */ = {
			isa = XCConfigurationList;
			buildConfigurations = (
				94AD85D31A35973100AC772D /* Debug */,
				94AD85D41A35973100AC772D /* Release */,
			);
			defaultConfigurationIsVisible = 0;
			defaultConfigurationName = Release;
		};
		94AD85D51A35973100AC772D /* Build configuration list for PBXNativeTarget "SeemuIAPTute" */ = {
			isa = XCConfigurationList;
			buildConfigurations = (
				94AD85D61A35973100AC772D /* Debug */,
				94AD85D71A35973100AC772D /* Release */,
			);
			defaultConfigurationIsVisible = 0;
		};
		94AD85D81A35973100AC772D /* Build configuration list for PBXNativeTarget "SeemuIAPTuteTests" */ = {
			isa = XCConfigurationList;
			buildConfigurations = (
				94AD85D91A35973100AC772D /* Debug */,
				94AD85DA1A35973100AC772D /* Release */,
			);
			defaultConfigurationIsVisible = 0;
		};
/* End XCConfigurationList section */
	};
	rootObject = 94AD85AE1A35973100AC772D /* Project object */;
}
